// !$*UTF8*$!
{
	archiveVersion = 1;
	classes = {
	};
	objectVersion = 48;
	objects = {

/* Begin PBXBuildFile section */
		121219AF202EF09A0074624C /* AppDelegate.swift in Sources */ = {isa = PBXBuildFile; fileRef = 121219AE202EF09A0074624C /* AppDelegate.swift */; };
		121219B1202EF09A0074624C /* LoginViewController.swift in Sources */ = {isa = PBXBuildFile; fileRef = 121219B0202EF09A0074624C /* LoginViewController.swift */; };
		121219B4202EF09A0074624C /* Main.storyboard in Resources */ = {isa = PBXBuildFile; fileRef = 121219B2202EF09A0074624C /* Main.storyboard */; };
		121219B6202EF09A0074624C /* Assets.xcassets in Resources */ = {isa = PBXBuildFile; fileRef = 121219B5202EF09A0074624C /* Assets.xcassets */; };
		121219B9202EF09A0074624C /* LaunchScreen.storyboard in Resources */ = {isa = PBXBuildFile; fileRef = 121219B7202EF09A0074624C /* LaunchScreen.storyboard */; };
		121219C4202EF09A0074624C /* TodoTests.swift in Sources */ = {isa = PBXBuildFile; fileRef = 121219C3202EF09A0074624C /* TodoTests.swift */; };
		121219E3203025C90074624C /* MDDataProtocols.swift in Sources */ = {isa = PBXBuildFile; fileRef = 121219DC203025C90074624C /* MDDataProtocols.swift */; };
		121219E4203025C90074624C /* MDConstant.swift in Sources */ = {isa = PBXBuildFile; fileRef = 121219DD203025C90074624C /* MDConstant.swift */; };
		121219E5203025C90074624C /* Errors.swift in Sources */ = {isa = PBXBuildFile; fileRef = 121219DE203025C90074624C /* Errors.swift */; };
		121219E6203025C90074624C /* MDServerService.swift in Sources */ = {isa = PBXBuildFile; fileRef = 121219E0203025C90074624C /* MDServerService.swift */; };
		121219E7203025C90074624C /* MDCollectionViewDataSource.swift in Sources */ = {isa = PBXBuildFile; fileRef = 121219E2203025C90074624C /* MDCollectionViewDataSource.swift */; };
		12533D1D20357C46006173DB /* RegisterViewController.swift in Sources */ = {isa = PBXBuildFile; fileRef = 12533D1C20357C46006173DB /* RegisterViewController.swift */; };
		1267BEF72033D07A004E4555 /* MDDatabase.swift in Sources */ = {isa = PBXBuildFile; fileRef = 1267BEF62033D07A004E4555 /* MDDatabase.swift */; };
		1267BEF92033D0FA004E4555 /* MDUser.swift in Sources */ = {isa = PBXBuildFile; fileRef = 1267BEF82033D0FA004E4555 /* MDUser.swift */; };
		1267BF002033DEE0004E4555 /* TodoFlow.swift in Sources */ = {isa = PBXBuildFile; fileRef = 1267BEFF2033DEE0004E4555 /* TodoFlow.swift */; };
		1267BF022033E296004E4555 /* TodoListViewController.swift in Sources */ = {isa = PBXBuildFile; fileRef = 1267BF012033E296004E4555 /* TodoListViewController.swift */; };
		1267BF042033EC4A004E4555 /* MDTodoItem.swift in Sources */ = {isa = PBXBuildFile; fileRef = 1267BF032033EC4A004E4555 /* MDTodoItem.swift */; };
		1267BF0620342704004E4555 /* MDTableViewDataSource.swift in Sources */ = {isa = PBXBuildFile; fileRef = 1267BF0520342704004E4555 /* MDTableViewDataSource.swift */; };
		1267BF0920342B3A004E4555 /* TodoListViewModel.swift in Sources */ = {isa = PBXBuildFile; fileRef = 1267BF0820342B3A004E4555 /* TodoListViewModel.swift */; };
		1267BF0B20342C65004E4555 /* TodoTableCell.swift in Sources */ = {isa = PBXBuildFile; fileRef = 1267BF0A20342C65004E4555 /* TodoTableCell.swift */; };
		1267BF0D20343D0B004E4555 /* TodoViewController.swift in Sources */ = {isa = PBXBuildFile; fileRef = 1267BF0C20343D0B004E4555 /* TodoViewController.swift */; };
		3D7C0F2B4603975220EA7283 /* Pods_TodoTests.framework in Frameworks */ = {isa = PBXBuildFile; fileRef = BC17D0DE111CF215BA6FC46F /* Pods_TodoTests.framework */; };
		4EBD80794AC1C9EDEA90CFD7 /* Pods_Todo.framework in Frameworks */ = {isa = PBXBuildFile; fileRef = 37532B9E541D3F4D60C86B8D /* Pods_Todo.framework */; };
/* End PBXBuildFile section */

/* Begin PBXContainerItemProxy section */
		121219C0202EF09A0074624C /* PBXContainerItemProxy */ = {
			isa = PBXContainerItemProxy;
			containerPortal = 121219A3202EF09A0074624C /* Project object */;
			proxyType = 1;
			remoteGlobalIDString = 121219AA202EF09A0074624C;
			remoteInfo = Todo;
		};
/* End PBXContainerItemProxy section */

/* Begin PBXFileReference section */
		07071C41BB9B69AE8341159C /* Pods-TodoTests.release.xcconfig */ = {isa = PBXFileReference; includeInIndex = 1; lastKnownFileType = text.xcconfig; name = "Pods-TodoTests.release.xcconfig"; path = "Pods/Target Support Files/Pods-TodoTests/Pods-TodoTests.release.xcconfig"; sourceTree = "<group>"; };
		121219AB202EF09A0074624C /* Todo.app */ = {isa = PBXFileReference; explicitFileType = wrapper.application; includeInIndex = 0; path = Todo.app; sourceTree = BUILT_PRODUCTS_DIR; };
		121219AE202EF09A0074624C /* AppDelegate.swift */ = {isa = PBXFileReference; lastKnownFileType = sourcecode.swift; path = AppDelegate.swift; sourceTree = "<group>"; };
		121219B0202EF09A0074624C /* LoginViewController.swift */ = {isa = PBXFileReference; lastKnownFileType = sourcecode.swift; path = LoginViewController.swift; sourceTree = "<group>"; };
		121219B3202EF09A0074624C /* Base */ = {isa = PBXFileReference; lastKnownFileType = file.storyboard; name = Base; path = Base.lproj/Main.storyboard; sourceTree = "<group>"; };
		121219B5202EF09A0074624C /* Assets.xcassets */ = {isa = PBXFileReference; lastKnownFileType = folder.assetcatalog; path = Assets.xcassets; sourceTree = "<group>"; };
		121219B8202EF09A0074624C /* Base */ = {isa = PBXFileReference; lastKnownFileType = file.storyboard; name = Base; path = Base.lproj/LaunchScreen.storyboard; sourceTree = "<group>"; };
		121219BA202EF09A0074624C /* Info.plist */ = {isa = PBXFileReference; lastKnownFileType = text.plist.xml; path = Info.plist; sourceTree = "<group>"; };
		121219BF202EF09A0074624C /* TodoTests.xctest */ = {isa = PBXFileReference; explicitFileType = wrapper.cfbundle; includeInIndex = 0; path = TodoTests.xctest; sourceTree = BUILT_PRODUCTS_DIR; };
		121219C3202EF09A0074624C /* TodoTests.swift */ = {isa = PBXFileReference; lastKnownFileType = sourcecode.swift; path = TodoTests.swift; sourceTree = "<group>"; };
		121219C5202EF09A0074624C /* Info.plist */ = {isa = PBXFileReference; lastKnownFileType = text.plist.xml; path = Info.plist; sourceTree = "<group>"; };
		121219DC203025C90074624C /* MDDataProtocols.swift */ = {isa = PBXFileReference; fileEncoding = 4; lastKnownFileType = sourcecode.swift; path = MDDataProtocols.swift; sourceTree = "<group>"; };
		121219DD203025C90074624C /* MDConstant.swift */ = {isa = PBXFileReference; fileEncoding = 4; lastKnownFileType = sourcecode.swift; path = MDConstant.swift; sourceTree = "<group>"; };
		121219DE203025C90074624C /* Errors.swift */ = {isa = PBXFileReference; fileEncoding = 4; lastKnownFileType = sourcecode.swift; path = Errors.swift; sourceTree = "<group>"; };
		121219E0203025C90074624C /* MDServerService.swift */ = {isa = PBXFileReference; fileEncoding = 4; lastKnownFileType = sourcecode.swift; path = MDServerService.swift; sourceTree = "<group>"; };
		121219E2203025C90074624C /* MDCollectionViewDataSource.swift */ = {isa = PBXFileReference; fileEncoding = 4; lastKnownFileType = sourcecode.swift; path = MDCollectionViewDataSource.swift; sourceTree = "<group>"; };
		12533D1C20357C46006173DB /* RegisterViewController.swift */ = {isa = PBXFileReference; lastKnownFileType = sourcecode.swift; path = RegisterViewController.swift; sourceTree = "<group>"; };
		1267BEF62033D07A004E4555 /* MDDatabase.swift */ = {isa = PBXFileReference; lastKnownFileType = sourcecode.swift; path = MDDatabase.swift; sourceTree = "<group>"; };
		1267BEF82033D0FA004E4555 /* MDUser.swift */ = {isa = PBXFileReference; lastKnownFileType = sourcecode.swift; path = MDUser.swift; sourceTree = "<group>"; };
		1267BEFF2033DEE0004E4555 /* TodoFlow.swift */ = {isa = PBXFileReference; lastKnownFileType = sourcecode.swift; path = TodoFlow.swift; sourceTree = "<group>"; };
		1267BF012033E296004E4555 /* TodoListViewController.swift */ = {isa = PBXFileReference; lastKnownFileType = sourcecode.swift; path = TodoListViewController.swift; sourceTree = "<group>"; };
		1267BF032033EC4A004E4555 /* MDTodoItem.swift */ = {isa = PBXFileReference; lastKnownFileType = sourcecode.swift; path = MDTodoItem.swift; sourceTree = "<group>"; };
		1267BF0520342704004E4555 /* MDTableViewDataSource.swift */ = {isa = PBXFileReference; lastKnownFileType = sourcecode.swift; path = MDTableViewDataSource.swift; sourceTree = "<group>"; };
		1267BF0820342B3A004E4555 /* TodoListViewModel.swift */ = {isa = PBXFileReference; lastKnownFileType = sourcecode.swift; path = TodoListViewModel.swift; sourceTree = "<group>"; };
		1267BF0A20342C65004E4555 /* TodoTableCell.swift */ = {isa = PBXFileReference; lastKnownFileType = sourcecode.swift; path = TodoTableCell.swift; sourceTree = "<group>"; };
		1267BF0C20343D0B004E4555 /* TodoViewController.swift */ = {isa = PBXFileReference; lastKnownFileType = sourcecode.swift; path = TodoViewController.swift; sourceTree = "<group>"; };
		2EE1D1CB4170E96AD56CE171 /* Pods-Todo.release.xcconfig */ = {isa = PBXFileReference; includeInIndex = 1; lastKnownFileType = text.xcconfig; name = "Pods-Todo.release.xcconfig"; path = "Pods/Target Support Files/Pods-Todo/Pods-Todo.release.xcconfig"; sourceTree = "<group>"; };
		37532B9E541D3F4D60C86B8D /* Pods_Todo.framework */ = {isa = PBXFileReference; explicitFileType = wrapper.framework; includeInIndex = 0; path = Pods_Todo.framework; sourceTree = BUILT_PRODUCTS_DIR; };
		990A8E3F4093B46D3FCE91B2 /* Pods-TodoTests.debug.xcconfig */ = {isa = PBXFileReference; includeInIndex = 1; lastKnownFileType = text.xcconfig; name = "Pods-TodoTests.debug.xcconfig"; path = "Pods/Target Support Files/Pods-TodoTests/Pods-TodoTests.debug.xcconfig"; sourceTree = "<group>"; };
		A028241849FDFD3C82AC4AEA /* Pods-Todo.debug.xcconfig */ = {isa = PBXFileReference; includeInIndex = 1; lastKnownFileType = text.xcconfig; name = "Pods-Todo.debug.xcconfig"; path = "Pods/Target Support Files/Pods-Todo/Pods-Todo.debug.xcconfig"; sourceTree = "<group>"; };
		BC17D0DE111CF215BA6FC46F /* Pods_TodoTests.framework */ = {isa = PBXFileReference; explicitFileType = wrapper.framework; includeInIndex = 0; path = Pods_TodoTests.framework; sourceTree = BUILT_PRODUCTS_DIR; };
/* End PBXFileReference section */

/* Begin PBXFrameworksBuildPhase section */
		121219A8202EF09A0074624C /* Frameworks */ = {
			isa = PBXFrameworksBuildPhase;
			buildActionMask = 2147483647;
			files = (
				4EBD80794AC1C9EDEA90CFD7 /* Pods_Todo.framework in Frameworks */,
			);
			runOnlyForDeploymentPostprocessing = 0;
		};
		121219BC202EF09A0074624C /* Frameworks */ = {
			isa = PBXFrameworksBuildPhase;
			buildActionMask = 2147483647;
			files = (
				3D7C0F2B4603975220EA7283 /* Pods_TodoTests.framework in Frameworks */,
			);
			runOnlyForDeploymentPostprocessing = 0;
		};
/* End PBXFrameworksBuildPhase section */

/* Begin PBXGroup section */
		121219A2202EF09A0074624C = {
			isa = PBXGroup;
			children = (
				121219AD202EF09A0074624C /* Todo */,
				121219C2202EF09A0074624C /* TodoTests */,
				121219AC202EF09A0074624C /* Products */,
				FB7D0BEF48E8BCE05CE144ED /* Pods */,
				EDE9135A65979C015E3F3764 /* Frameworks */,
			);
			sourceTree = "<group>";
		};
		121219AC202EF09A0074624C /* Products */ = {
			isa = PBXGroup;
			children = (
				121219AB202EF09A0074624C /* Todo.app */,
				121219BF202EF09A0074624C /* TodoTests.xctest */,
			);
			name = Products;
			sourceTree = "<group>";
		};
		121219AD202EF09A0074624C /* Todo */ = {
			isa = PBXGroup;
			children = (
				121219AE202EF09A0074624C /* AppDelegate.swift */,
				1267BEFF2033DEE0004E4555 /* TodoFlow.swift */,
				121219B0202EF09A0074624C /* LoginViewController.swift */,
				12533D1C20357C46006173DB /* RegisterViewController.swift */,
				1267BF0C20343D0B004E4555 /* TodoViewController.swift */,
				1267BF0720342B1A004E4555 /* TodoList */,
				121219B2202EF09A0074624C /* Main.storyboard */,
				121219B5202EF09A0074624C /* Assets.xcassets */,
				121219B7202EF09A0074624C /* LaunchScreen.storyboard */,
				121219BA202EF09A0074624C /* Info.plist */,
				1267BEFA2033D103004E4555 /* Database */,
				121219DF203025C90074624C /* Services */,
				121219E1203025C90074624C /* Helpers */,
				121219DB203025C90074624C /* Utilities */,
			);
			path = Todo;
			sourceTree = "<group>";
		};
		121219C2202EF09A0074624C /* TodoTests */ = {
			isa = PBXGroup;
			children = (
				121219C3202EF09A0074624C /* TodoTests.swift */,
				121219C5202EF09A0074624C /* Info.plist */,
			);
			path = TodoTests;
			sourceTree = "<group>";
		};
		121219DB203025C90074624C /* Utilities */ = {
			isa = PBXGroup;
			children = (
				121219DC203025C90074624C /* MDDataProtocols.swift */,
				121219DD203025C90074624C /* MDConstant.swift */,
				121219DE203025C90074624C /* Errors.swift */,
			);
			path = Utilities;
			sourceTree = "<group>";
		};
		121219DF203025C90074624C /* Services */ = {
			isa = PBXGroup;
			children = (
				121219E0203025C90074624C /* MDServerService.swift */,
			);
			path = Services;
			sourceTree = "<group>";
		};
		121219E1203025C90074624C /* Helpers */ = {
			isa = PBXGroup;
			children = (
				121219E2203025C90074624C /* MDCollectionViewDataSource.swift */,
				1267BF0520342704004E4555 /* MDTableViewDataSource.swift */,
			);
			path = Helpers;
			sourceTree = "<group>";
		};
		1267BEFA2033D103004E4555 /* Database */ = {
			isa = PBXGroup;
			children = (
				1267BEF62033D07A004E4555 /* MDDatabase.swift */,
				1267BEF82033D0FA004E4555 /* MDUser.swift */,
				1267BF032033EC4A004E4555 /* MDTodoItem.swift */,
			);
			path = Database;
			sourceTree = "<group>";
		};
		1267BF0720342B1A004E4555 /* TodoList */ = {
			isa = PBXGroup;
			children = (
				1267BF012033E296004E4555 /* TodoListViewController.swift */,
				1267BF0820342B3A004E4555 /* TodoListViewModel.swift */,
				1267BF0A20342C65004E4555 /* TodoTableCell.swift */,
			);
			path = TodoList;
			sourceTree = "<group>";
		};
		EDE9135A65979C015E3F3764 /* Frameworks */ = {
			isa = PBXGroup;
			children = (
				37532B9E541D3F4D60C86B8D /* Pods_Todo.framework */,
				BC17D0DE111CF215BA6FC46F /* Pods_TodoTests.framework */,
			);
			name = Frameworks;
			sourceTree = "<group>";
		};
		FB7D0BEF48E8BCE05CE144ED /* Pods */ = {
			isa = PBXGroup;
			children = (
				A028241849FDFD3C82AC4AEA /* Pods-Todo.debug.xcconfig */,
				2EE1D1CB4170E96AD56CE171 /* Pods-Todo.release.xcconfig */,
				990A8E3F4093B46D3FCE91B2 /* Pods-TodoTests.debug.xcconfig */,
				07071C41BB9B69AE8341159C /* Pods-TodoTests.release.xcconfig */,
			);
			name = Pods;
			sourceTree = "<group>";
		};
/* End PBXGroup section */

/* Begin PBXNativeTarget section */
		121219AA202EF09A0074624C /* Todo */ = {
			isa = PBXNativeTarget;
			buildConfigurationList = 121219C8202EF09A0074624C /* Build configuration list for PBXNativeTarget "Todo" */;
			buildPhases = (
				0608F20752A52DA05D9ED36E /* [CP] Check Pods Manifest.lock */,
				121219A7202EF09A0074624C /* Sources */,
				121219A8202EF09A0074624C /* Frameworks */,
				121219A9202EF09A0074624C /* Resources */,
				94E374D417567683D5D0DB9A /* [CP] Embed Pods Frameworks */,
				45F58056E9F41FC8C0099A2A /* [CP] Copy Pods Resources */,
			);
			buildRules = (
			);
			dependencies = (
			);
			name = Todo;
			productName = Todo;
			productReference = 121219AB202EF09A0074624C /* Todo.app */;
			productType = "com.apple.product-type.application";
		};
		121219BE202EF09A0074624C /* TodoTests */ = {
			isa = PBXNativeTarget;
			buildConfigurationList = 121219CB202EF09A0074624C /* Build configuration list for PBXNativeTarget "TodoTests" */;
			buildPhases = (
				2AC6727B2DC75850985EC23B /* [CP] Check Pods Manifest.lock */,
				121219BB202EF09A0074624C /* Sources */,
				121219BC202EF09A0074624C /* Frameworks */,
				121219BD202EF09A0074624C /* Resources */,
				44D176E15E6A56BAB2CABA9E /* [CP] Embed Pods Frameworks */,
				BE8AF8F40663C49C08B26022 /* [CP] Copy Pods Resources */,
			);
			buildRules = (
			);
			dependencies = (
				121219C1202EF09A0074624C /* PBXTargetDependency */,
			);
			name = TodoTests;
			productName = TodoTests;
			productReference = 121219BF202EF09A0074624C /* TodoTests.xctest */;
			productType = "com.apple.product-type.bundle.unit-test";
		};
/* End PBXNativeTarget section */

/* Begin PBXProject section */
		121219A3202EF09A0074624C /* Project object */ = {
			isa = PBXProject;
			attributes = {
				LastSwiftUpdateCheck = 0920;
				LastUpgradeCheck = 0920;
				ORGANIZATIONNAME = VuVince;
				TargetAttributes = {
					121219AA202EF09A0074624C = {
						CreatedOnToolsVersion = 9.2;
						ProvisioningStyle = Automatic;
					};
					121219BE202EF09A0074624C = {
						CreatedOnToolsVersion = 9.2;
						ProvisioningStyle = Automatic;
						TestTargetID = 121219AA202EF09A0074624C;
					};
				};
			};
			buildConfigurationList = 121219A6202EF09A0074624C /* Build configuration list for PBXProject "Todo" */;
			compatibilityVersion = "Xcode 8.0";
			developmentRegion = en;
			hasScannedForEncodings = 0;
			knownRegions = (
				en,
				Base,
			);
			mainGroup = 121219A2202EF09A0074624C;
			productRefGroup = 121219AC202EF09A0074624C /* Products */;
			projectDirPath = "";
			projectRoot = "";
			targets = (
				121219AA202EF09A0074624C /* Todo */,
				121219BE202EF09A0074624C /* TodoTests */,
			);
		};
/* End PBXProject section */

/* Begin PBXResourcesBuildPhase section */
		121219A9202EF09A0074624C /* Resources */ = {
			isa = PBXResourcesBuildPhase;
			buildActionMask = 2147483647;
			files = (
				121219B9202EF09A0074624C /* LaunchScreen.storyboard in Resources */,
				121219B6202EF09A0074624C /* Assets.xcassets in Resources */,
				121219B4202EF09A0074624C /* Main.storyboard in Resources */,
			);
			runOnlyForDeploymentPostprocessing = 0;
		};
		121219BD202EF09A0074624C /* Resources */ = {
			isa = PBXResourcesBuildPhase;
			buildActionMask = 2147483647;
			files = (
			);
			runOnlyForDeploymentPostprocessing = 0;
		};
/* End PBXResourcesBuildPhase section */

/* Begin PBXShellScriptBuildPhase section */
		0608F20752A52DA05D9ED36E /* [CP] Check Pods Manifest.lock */ = {
			isa = PBXShellScriptBuildPhase;
			buildActionMask = 2147483647;
			files = (
			);
			inputPaths = (
				"${PODS_PODFILE_DIR_PATH}/Podfile.lock",
				"${PODS_ROOT}/Manifest.lock",
			);
			name = "[CP] Check Pods Manifest.lock";
			outputPaths = (
				"$(DERIVED_FILE_DIR)/Pods-Todo-checkManifestLockResult.txt",
			);
			runOnlyForDeploymentPostprocessing = 0;
			shellPath = /bin/sh;
			shellScript = "diff \"${PODS_PODFILE_DIR_PATH}/Podfile.lock\" \"${PODS_ROOT}/Manifest.lock\" > /dev/null\nif [ $? != 0 ] ; then\n    # print error to STDERR\n    echo \"error: The sandbox is not in sync with the Podfile.lock. Run 'pod install' or update your CocoaPods installation.\" >&2\n    exit 1\nfi\n# This output is used by Xcode 'outputs' to avoid re-running this script phase.\necho \"SUCCESS\" > \"${SCRIPT_OUTPUT_FILE_0}\"\n";
			showEnvVarsInLog = 0;
		};
		2AC6727B2DC75850985EC23B /* [CP] Check Pods Manifest.lock */ = {
			isa = PBXShellScriptBuildPhase;
			buildActionMask = 2147483647;
			files = (
			);
			inputPaths = (
				"${PODS_PODFILE_DIR_PATH}/Podfile.lock",
				"${PODS_ROOT}/Manifest.lock",
			);
			name = "[CP] Check Pods Manifest.lock";
			outputPaths = (
				"$(DERIVED_FILE_DIR)/Pods-TodoTests-checkManifestLockResult.txt",
			);
			runOnlyForDeploymentPostprocessing = 0;
			shellPath = /bin/sh;
			shellScript = "diff \"${PODS_PODFILE_DIR_PATH}/Podfile.lock\" \"${PODS_ROOT}/Manifest.lock\" > /dev/null\nif [ $? != 0 ] ; then\n    # print error to STDERR\n    echo \"error: The sandbox is not in sync with the Podfile.lock. Run 'pod install' or update your CocoaPods installation.\" >&2\n    exit 1\nfi\n# This output is used by Xcode 'outputs' to avoid re-running this script phase.\necho \"SUCCESS\" > \"${SCRIPT_OUTPUT_FILE_0}\"\n";
			showEnvVarsInLog = 0;
		};
		44D176E15E6A56BAB2CABA9E /* [CP] Embed Pods Frameworks */ = {
			isa = PBXShellScriptBuildPhase;
			buildActionMask = 2147483647;
			files = (
			);
			inputPaths = (
			);
			name = "[CP] Embed Pods Frameworks";
			outputPaths = (
			);
			runOnlyForDeploymentPostprocessing = 0;
			shellPath = /bin/sh;
			shellScript = "\"${SRCROOT}/Pods/Target Support Files/Pods-TodoTests/Pods-TodoTests-frameworks.sh\"\n";
			showEnvVarsInLog = 0;
		};
		45F58056E9F41FC8C0099A2A /* [CP] Copy Pods Resources */ = {
			isa = PBXShellScriptBuildPhase;
			buildActionMask = 2147483647;
			files = (
			);
			inputPaths = (
			);
			name = "[CP] Copy Pods Resources";
			outputPaths = (
			);
			runOnlyForDeploymentPostprocessing = 0;
			shellPath = /bin/sh;
			shellScript = "\"${SRCROOT}/Pods/Target Support Files/Pods-Todo/Pods-Todo-resources.sh\"\n";
			showEnvVarsInLog = 0;
		};
		94E374D417567683D5D0DB9A /* [CP] Embed Pods Frameworks */ = {
			isa = PBXShellScriptBuildPhase;
			buildActionMask = 2147483647;
			files = (
			);
			inputPaths = (
				"${SRCROOT}/Pods/Target Support Files/Pods-Todo/Pods-Todo-frameworks.sh",
				"${BUILT_PRODUCTS_DIR}/Alamofire/Alamofire.framework",
				"${BUILT_PRODUCTS_DIR}/Realm/Realm.framework",
				"${BUILT_PRODUCTS_DIR}/RealmSwift/RealmSwift.framework",
			);
			name = "[CP] Embed Pods Frameworks";
			outputPaths = (
				"${TARGET_BUILD_DIR}/${FRAMEWORKS_FOLDER_PATH}/Alamofire.framework",
				"${TARGET_BUILD_DIR}/${FRAMEWORKS_FOLDER_PATH}/Realm.framework",
				"${TARGET_BUILD_DIR}/${FRAMEWORKS_FOLDER_PATH}/RealmSwift.framework",
			);
			runOnlyForDeploymentPostprocessing = 0;
			shellPath = /bin/sh;
			shellScript = "\"${SRCROOT}/Pods/Target Support Files/Pods-Todo/Pods-Todo-frameworks.sh\"\n";
			showEnvVarsInLog = 0;
		};
		BE8AF8F40663C49C08B26022 /* [CP] Copy Pods Resources */ = {
			isa = PBXShellScriptBuildPhase;
			buildActionMask = 2147483647;
			files = (
			);
			inputPaths = (
			);
			name = "[CP] Copy Pods Resources";
			outputPaths = (
			);
			runOnlyForDeploymentPostprocessing = 0;
			shellPath = /bin/sh;
			shellScript = "\"${SRCROOT}/Pods/Target Support Files/Pods-TodoTests/Pods-TodoTests-resources.sh\"\n";
			showEnvVarsInLog = 0;
		};
/* End PBXShellScriptBuildPhase section */

/* Begin PBXSourcesBuildPhase section */
		121219A7202EF09A0074624C /* Sources */ = {
			isa = PBXSourcesBuildPhase;
			buildActionMask = 2147483647;
			files = (
				121219E3203025C90074624C /* MDDataProtocols.swift in Sources */,
				1267BF0D20343D0B004E4555 /* TodoViewController.swift in Sources */,
				1267BF022033E296004E4555 /* TodoListViewController.swift in Sources */,
				1267BEF72033D07A004E4555 /* MDDatabase.swift in Sources */,
				121219E5203025C90074624C /* Errors.swift in Sources */,
				121219B1202EF09A0074624C /* LoginViewController.swift in Sources */,
				1267BF042033EC4A004E4555 /* MDTodoItem.swift in Sources */,
				1267BEF92033D0FA004E4555 /* MDUser.swift in Sources */,
				1267BF002033DEE0004E4555 /* TodoFlow.swift in Sources */,
				121219E7203025C90074624C /* MDCollectionViewDataSource.swift in Sources */,
				1267BF0920342B3A004E4555 /* TodoListViewModel.swift in Sources */,
				121219E6203025C90074624C /* MDServerService.swift in Sources */,
				121219E4203025C90074624C /* MDConstant.swift in Sources */,
				12533D1D20357C46006173DB /* RegisterViewController.swift in Sources */,
				1267BF0620342704004E4555 /* MDTableViewDataSource.swift in Sources */,
				121219AF202EF09A0074624C /* AppDelegate.swift in Sources */,
				1267BF0B20342C65004E4555 /* TodoTableCell.swift in Sources */,
			);
			runOnlyForDeploymentPostprocessing = 0;
		};
		121219BB202EF09A0074624C /* Sources */ = {
			isa = PBXSourcesBuildPhase;
			buildActionMask = 2147483647;
			files = (
				121219C4202EF09A0074624C /* TodoTests.swift in Sources */,
			);
			runOnlyForDeploymentPostprocessing = 0;
		};
/* End PBXSourcesBuildPhase section */

/* Begin PBXTargetDependency section */
		121219C1202EF09A0074624C /* PBXTargetDependency */ = {
			isa = PBXTargetDependency;
			target = 121219AA202EF09A0074624C /* Todo */;
			targetProxy = 121219C0202EF09A0074624C /* PBXContainerItemProxy */;
		};
/* End PBXTargetDependency section */

/* Begin PBXVariantGroup section */
		121219B2202EF09A0074624C /* Main.storyboard */ = {
			isa = PBXVariantGroup;
			children = (
				121219B3202EF09A0074624C /* Base */,
			);
			name = Main.storyboard;
			sourceTree = "<group>";
		};
		121219B7202EF09A0074624C /* LaunchScreen.storyboard */ = {
			isa = PBXVariantGroup;
			children = (
				121219B8202EF09A0074624C /* Base */,
			);
			name = LaunchScreen.storyboard;
			sourceTree = "<group>";
		};
/* End PBXVariantGroup section */

/* Begin XCBuildConfiguration section */
		121219C6202EF09A0074624C /* Debug */ = {
			isa = XCBuildConfiguration;
			buildSettings = {
				ALWAYS_SEARCH_USER_PATHS = NO;
				CLANG_ANALYZER_NONNULL = YES;
				CLANG_ANALYZER_NUMBER_OBJECT_CONVERSION = YES_AGGRESSIVE;
				CLANG_CXX_LANGUAGE_STANDARD = "gnu++14";
				CLANG_CXX_LIBRARY = "libc++";
				CLANG_ENABLE_MODULES = YES;
				CLANG_ENABLE_OBJC_ARC = YES;
				CLANG_WARN_BLOCK_CAPTURE_AUTORELEASING = YES;
				CLANG_WARN_BOOL_CONVERSION = YES;
				CLANG_WARN_COMMA = YES;
				CLANG_WARN_CONSTANT_CONVERSION = YES;
				CLANG_WARN_DIRECT_OBJC_ISA_USAGE = YES_ERROR;
				CLANG_WARN_DOCUMENTATION_COMMENTS = YES;
				CLANG_WARN_EMPTY_BODY = YES;
				CLANG_WARN_ENUM_CONVERSION = YES;
				CLANG_WARN_INFINITE_RECURSION = YES;
				CLANG_WARN_INT_CONVERSION = YES;
				CLANG_WARN_NON_LITERAL_NULL_CONVERSION = YES;
				CLANG_WARN_OBJC_LITERAL_CONVERSION = YES;
				CLANG_WARN_OBJC_ROOT_CLASS = YES_ERROR;
				CLANG_WARN_RANGE_LOOP_ANALYSIS = YES;
				CLANG_WARN_STRICT_PROTOTYPES = YES;
				CLANG_WARN_SUSPICIOUS_MOVE = YES;
				CLANG_WARN_UNGUARDED_AVAILABILITY = YES_AGGRESSIVE;
				CLANG_WARN_UNREACHABLE_CODE = YES;
				CLANG_WARN__DUPLICATE_METHOD_MATCH = YES;
				CODE_SIGN_IDENTITY = "iPhone Developer";
				COPY_PHASE_STRIP = NO;
				DEBUG_INFORMATION_FORMAT = dwarf;
				ENABLE_STRICT_OBJC_MSGSEND = YES;
				ENABLE_TESTABILITY = YES;
				GCC_C_LANGUAGE_STANDARD = gnu11;
				GCC_DYNAMIC_NO_PIC = NO;
				GCC_NO_COMMON_BLOCKS = YES;
				GCC_OPTIMIZATION_LEVEL = 0;
				GCC_PREPROCESSOR_DEFINITIONS = (
					"DEBUG=1",
					"$(inherited)",
				);
				GCC_WARN_64_TO_32_BIT_CONVERSION = YES;
				GCC_WARN_ABOUT_RETURN_TYPE = YES_ERROR;
				GCC_WARN_UNDECLARED_SELECTOR = YES;
				GCC_WARN_UNINITIALIZED_AUTOS = YES_AGGRESSIVE;
				GCC_WARN_UNUSED_FUNCTION = YES;
				GCC_WARN_UNUSED_VARIABLE = YES;
				IPHONEOS_DEPLOYMENT_TARGET = 11.2;
				MTL_ENABLE_DEBUG_INFO = YES;
				ONLY_ACTIVE_ARCH = YES;
				SDKROOT = iphoneos;
				SWIFT_ACTIVE_COMPILATION_CONDITIONS = DEBUG;
				SWIFT_OPTIMIZATION_LEVEL = "-Onone";
			};
			name = Debug;
		};
		121219C7202EF09A0074624C /* Release */ = {
			isa = XCBuildConfiguration;
			buildSettings = {
				ALWAYS_SEARCH_USER_PATHS = NO;
				CLANG_ANALYZER_NONNULL = YES;
				CLANG_ANALYZER_NUMBER_OBJECT_CONVERSION = YES_AGGRESSIVE;
				CLANG_CXX_LANGUAGE_STANDARD = "gnu++14";
				CLANG_CXX_LIBRARY = "libc++";
				CLANG_ENABLE_MODULES = YES;
				CLANG_ENABLE_OBJC_ARC = YES;
				CLANG_WARN_BLOCK_CAPTURE_AUTORELEASING = YES;
				CLANG_WARN_BOOL_CONVERSION = YES;
				CLANG_WARN_COMMA = YES;
				CLANG_WARN_CONSTANT_CONVERSION = YES;
				CLANG_WARN_DIRECT_OBJC_ISA_USAGE = YES_ERROR;
				CLANG_WARN_DOCUMENTATION_COMMENTS = YES;
				CLANG_WARN_EMPTY_BODY = YES;
				CLANG_WARN_ENUM_CONVERSION = YES;
				CLANG_WARN_INFINITE_RECURSION = YES;
				CLANG_WARN_INT_CONVERSION = YES;
				CLANG_WARN_NON_LITERAL_NULL_CONVERSION = YES;
				CLANG_WARN_OBJC_LITERAL_CONVERSION = YES;
				CLANG_WARN_OBJC_ROOT_CLASS = YES_ERROR;
				CLANG_WARN_RANGE_LOOP_ANALYSIS = YES;
				CLANG_WARN_STRICT_PROTOTYPES = YES;
				CLANG_WARN_SUSPICIOUS_MOVE = YES;
				CLANG_WARN_UNGUARDED_AVAILABILITY = YES_AGGRESSIVE;
				CLANG_WARN_UNREACHABLE_CODE = YES;
				CLANG_WARN__DUPLICATE_METHOD_MATCH = YES;
				CODE_SIGN_IDENTITY = "iPhone Developer";
				COPY_PHASE_STRIP = NO;
				DEBUG_INFORMATION_FORMAT = "dwarf-with-dsym";
				ENABLE_NS_ASSERTIONS = NO;
				ENABLE_STRICT_OBJC_MSGSEND = YES;
				GCC_C_LANGUAGE_STANDARD = gnu11;
				GCC_NO_COMMON_BLOCKS = YES;
				GCC_WARN_64_TO_32_BIT_CONVERSION = YES;
				GCC_WARN_ABOUT_RETURN_TYPE = YES_ERROR;
				GCC_WARN_UNDECLARED_SELECTOR = YES;
				GCC_WARN_UNINITIALIZED_AUTOS = YES_AGGRESSIVE;
				GCC_WARN_UNUSED_FUNCTION = YES;
				GCC_WARN_UNUSED_VARIABLE = YES;
				IPHONEOS_DEPLOYMENT_TARGET = 11.2;
				MTL_ENABLE_DEBUG_INFO = NO;
				SDKROOT = iphoneos;
				SWIFT_OPTIMIZATION_LEVEL = "-Owholemodule";
				VALIDATE_PRODUCT = YES;
			};
			name = Release;
		};
		121219C9202EF09A0074624C /* Debug */ = {
			isa = XCBuildConfiguration;
			baseConfigurationReference = A028241849FDFD3C82AC4AEA /* Pods-Todo.debug.xcconfig */;
			buildSettings = {
				ASSETCATALOG_COMPILER_APPICON_NAME = AppIcon;
				CODE_SIGN_STYLE = Automatic;
				DEVELOPMENT_TEAM = 7C79529L3A;
				INFOPLIST_FILE = Todo/Info.plist;
				LD_RUNPATH_SEARCH_PATHS = "$(inherited) @executable_path/Frameworks";
				PRODUCT_BUNDLE_IDENTIFIER = com.tranvince.Todo;
				PRODUCT_NAME = "$(TARGET_NAME)";
				SWIFT_VERSION = 4.0;
				TARGETED_DEVICE_FAMILY = "1,2";
			};
			name = Debug;
		};
		121219CA202EF09A0074624C /* Release */ = {
			isa = XCBuildConfiguration;
			baseConfigurationReference = 2EE1D1CB4170E96AD56CE171 /* Pods-Todo.release.xcconfig */;
			buildSettings = {
				ASSETCATALOG_COMPILER_APPICON_NAME = AppIcon;
				CODE_SIGN_STYLE = Automatic;
				DEVELOPMENT_TEAM = 7C79529L3A;
				INFOPLIST_FILE = Todo/Info.plist;
				LD_RUNPATH_SEARCH_PATHS = "$(inherited) @executable_path/Frameworks";
				PRODUCT_BUNDLE_IDENTIFIER = com.tranvince.Todo;
				PRODUCT_NAME = "$(TARGET_NAME)";
				SWIFT_VERSION = 4.0;
				TARGETED_DEVICE_FAMILY = "1,2";
			};
			name = Release;
		};
		121219CC202EF09A0074624C /* Debug */ = {
			isa = XCBuildConfiguration;
			baseConfigurationReference = 990A8E3F4093B46D3FCE91B2 /* Pods-TodoTests.debug.xcconfig */;
			buildSettings = {
				ALWAYS_EMBED_SWIFT_STANDARD_LIBRARIES = YES;
				BUNDLE_LOADER = "$(TEST_HOST)";
				CODE_SIGN_STYLE = Automatic;
				DEVELOPMENT_TEAM = 7C79529L3A;
				INFOPLIST_FILE = TodoTests/Info.plist;
				LD_RUNPATH_SEARCH_PATHS = "$(inherited) @executable_path/Frameworks @loader_path/Frameworks";
				PRODUCT_BUNDLE_IDENTIFIER = com.tranvince.TodoTests;
				PRODUCT_NAME = "$(TARGET_NAME)";
				SWIFT_VERSION = 4.0;
				TARGETED_DEVICE_FAMILY = "1,2";
				TEST_HOST = "$(BUILT_PRODUCTS_DIR)/Todo.app/Todo";
			};
			name = Debug;
		};
		121219CD202EF09A0074624C /* Release */ = {
			isa = XCBuildConfiguration;
			baseConfigurationReference = 07071C41BB9B69AE8341159C /* Pods-TodoTests.release.xcconfig */;
			buildSettings = {
				ALWAYS_EMBED_SWIFT_STANDARD_LIBRARIES = YES;
				BUNDLE_LOADER = "$(TEST_HOST)";
				CODE_SIGN_STYLE = Automatic;
				DEVELOPMENT_TEAM = 7C79529L3A;
				INFOPLIST_FILE = TodoTests/Info.plist;
				LD_RUNPATH_SEARCH_PATHS = "$(inherited) @executable_path/Frameworks @loader_path/Frameworks";
				PRODUCT_BUNDLE_IDENTIFIER = com.tranvince.TodoTests;
				PRODUCT_NAME = "$(TARGET_NAME)";
				SWIFT_VERSION = 4.0;
				TARGETED_DEVICE_FAMILY = "1,2";
				TEST_HOST = "$(BUILT_PRODUCTS_DIR)/Todo.app/Todo";
			};
			name = Release;
		};
/* End XCBuildConfiguration section */

/* Begin XCConfigurationList section */
		121219A6202EF09A0074624C /* Build configuration list for PBXProject "Todo" */ = {
			isa = XCConfigurationList;
			buildConfigurations = (
				121219C6202EF09A0074624C /* Debug */,
				121219C7202EF09A0074624C /* Release */,
			);
			defaultConfigurationIsVisible = 0;
			defaultConfigurationName = Release;
		};
		121219C8202EF09A0074624C /* Build configuration list for PBXNativeTarget "Todo" */ = {
			isa = XCConfigurationList;
			buildConfigurations = (
				121219C9202EF09A0074624C /* Debug */,
				121219CA202EF09A0074624C /* Release */,
			);
			defaultConfigurationIsVisible = 0;
			defaultConfigurationName = Release;
		};
		121219CB202EF09A0074624C /* Build configuration list for PBXNativeTarget "TodoTests" */ = {
			isa = XCConfigurationList;
			buildConfigurations = (
				121219CC202EF09A0074624C /* Debug */,
				121219CD202EF09A0074624C /* Release */,
			);
			defaultConfigurationIsVisible = 0;
			defaultConfigurationName = Release;
		};
/* End XCConfigurationList section */
	};
	rootObject = 121219A3202EF09A0074624C /* Project object */;
}
